
Microsoft Visual Studio Solution File, Format Version 12.00
# Visual Studio 2012
Project("{8BC9CEB8-8B4A-11D0-8D11-00A0C91BC942}") = "Input", "Input\Input.vcxproj", "{FEEE5E4B-1DA6-4CF6-B001-7D03C044C43C}"
EndProject
Global
	GlobalSection(SolutionConfigurationPlatforms) = preSolution
		Debug|Win32 = Debug|Win32
		Release|Win32 = Release|Win32
	EndGlobalSection
	GlobalSection(ProjectConfigurationPlatforms) = postSolution
		{FEEE5E4B-1DA6-4CF6-B001-7D03C044C43C}.Debug|Win32.ActiveCfg = Debug|Win32
		{FEEE5E4B-1DA6-4CF6-B001-7D03C044C43C}.Debug|Win32.Build.0 = Debug|Win32
		{FEEE5E4B-1DA6-4CF6-B001-7D03C044C43C}.Release|Win32.ActiveCfg = Release|Win32
		{FEEE5E4B-1DA6-4CF6-B001-7D03C044C43C}.Release|Win32.Build.0 = Release|Win32
	EndGlobalSection
	GlobalSection(SolutionProperties) = preSolution
		HideSolutionNode = FALSE
	EndGlobalSection
EndGlobal
