<?xml version="1.0" encoding="utf-8"?>
<Project ToolsVersion="4.0" xmlns="http://schemas.microsoft.com/developer/msbuild/2003">
  <ItemGroup>
    <Filter Include="Source Files">
      <UniqueIdentifier>{4FC737F1-C7A5-4376-A066-2A32D752A2FF}</UniqueIdentifier>
      <Extensions>cpp;c;cc;cxx;def;odl;idl;hpj;bat;asm;asmx</Extensions>
    </Filter>
    <Filter Include="Header Files">
      <UniqueIdentifier>{93995380-89BD-4b04-88EB-625FBE52EBFB}</UniqueIdentifier>
      <Extensions>h;hpp;hxx;hm;inl;inc;xsd</Extensions>
    </Filter>
    <Filter Include="Resource Files">
      <UniqueIdentifier>{67DA6AB6-F800-4c08-8B7A-83BB121AAD01}</UniqueIdentifier>
      <Extensions>rc;ico;cur;bmp;dlg;rc2;rct;bin;rgs;gif;jpg;jpeg;jpe;resx;tiff;tif;png;wav;mfcribbon-ms</Extensions>
    </Filter>
  </ItemGroup>
  <ItemGroup>
    <ClCompile Include="main.cpp">
      <Filter>Source Files</Filter>
    </ClCompile>
    <ClCompile Include="thejoebaldwin.cpp">
      <Filter>Source Files</Filter>
    </ClCompile>
    <ClCompile Include="aragorn55.cpp">
      <Filter>Source Files</Filter>
    </ClCompile>
    <ClCompile Include="jeffkoss.cpp">
      <Filter>Source Files</Filter>
    </ClCompile>
    <ClCompile Include="JessicaHall.cpp">
      <Filter>Source Files</Filter>
    </ClCompile>
    <ClCompile Include="JoshWegerer.cpp">
      <Filter>Source Files</Filter>
    </ClCompile>
    <ClCompile Include="bakerr08.cpp">
      <Filter>Source Files</Filter>
    </ClCompile>
    <ClCompile Include="Hairahcez.cpp">
      <Filter>Source Files</Filter>
    </ClCompile>
    <ClCompile Include="joerythor.cpp">
      <Filter>Source Files</Filter>
    </ClCompile>
    <ClCompile Include="nmilk2115.cpp">
      <Filter>Source Files</Filter>
    </ClCompile>
    <ClCompile Include="tprince-swartout.cpp">
      <Filter>Source Files</Filter>
    </ClCompile>
    <ClCompile Include="wegnerd.cpp">
      <Filter>Source Files</Filter>
    </ClCompile>
  </ItemGroup>
</Project>